// !$*UTF8*$!
{
	archiveVersion = 1;
	classes = {
	};
	objectVersion = 46;
	objects = {

/* Begin PBXBuildFile section */
		77ABE81A20BD7E8A00239A80 /* Images.xcassets in Resources */ = {isa = PBXBuildFile; fileRef = 77ABE81920BD7E8A00239A80 /* Images.xcassets */; };
		77ABE82020BD8B9500239A80 /* HoL_Launch_Screen.storyboard in Resources */ = {isa = PBXBuildFile; fileRef = 77ABE81F20BD8B9500239A80 /* HoL_Launch_Screen.storyboard */; };
		C612F78A215C0F3A004E5E6C /* AOModalStatus.framework in Frameworks */ = {isa = PBXBuildFile; fileRef = C612F789215C0F34004E5E6C /* AOModalStatus.framework */; };
		C612F78B215C0F3A004E5E6C /* AOModalStatus.framework in Embed Frameworks */ = {isa = PBXBuildFile; fileRef = C612F789215C0F34004E5E6C /* AOModalStatus.framework */; settings = {ATTRIBUTES = (CodeSignOnCopy, RemoveHeadersOnCopy, ); }; };
		C6419D2C1A8134890085C41F /* DeckOfCards.swift in Sources */ = {isa = PBXBuildFile; fileRef = C6419D2B1A8134890085C41F /* DeckOfCards.swift */; };
		C65DDAB41A86B39B00025ED9 /* Media.xcassets in Resources */ = {isa = PBXBuildFile; fileRef = C65DDAB31A86B39B00025ED9 /* Media.xcassets */; };
		C6E91D951A7C23C10019A791 /* AppDelegate.swift in Sources */ = {isa = PBXBuildFile; fileRef = C6E91D941A7C23C10019A791 /* AppDelegate.swift */; };
		C6E91D971A7C23C10019A791 /* ViewController.swift in Sources */ = {isa = PBXBuildFile; fileRef = C6E91D961A7C23C10019A791 /* ViewController.swift */; };
		C6E91D9A1A7C23C10019A791 /* Main.storyboard in Resources */ = {isa = PBXBuildFile; fileRef = C6E91D981A7C23C10019A791 /* Main.storyboard */; };
		C6E91DAB1A7C23C10019A791 /* HigherOrLowerTests.swift in Sources */ = {isa = PBXBuildFile; fileRef = C6E91DAA1A7C23C10019A791 /* HigherOrLowerTests.swift */; };
/* End PBXBuildFile section */

/* Begin PBXContainerItemProxy section */
		C612F788215C0F34004E5E6C /* PBXContainerItemProxy */ = {
			isa = PBXContainerItemProxy;
			containerPortal = C612F784215C0F34004E5E6C /* AOModalStatus.xcodeproj */;
			proxyType = 2;
			remoteGlobalIDString = 70AC95F31F8DC32F00960B51;
			remoteInfo = AOModalStatus;
		};
		C612F78C215C0F3A004E5E6C /* PBXContainerItemProxy */ = {
			isa = PBXContainerItemProxy;
			containerPortal = C612F784215C0F34004E5E6C /* AOModalStatus.xcodeproj */;
			proxyType = 1;
			remoteGlobalIDString = 70AC95F21F8DC32F00960B51;
			remoteInfo = AOModalStatus;
		};
		C6E91DA51A7C23C10019A791 /* PBXContainerItemProxy */ = {
			isa = PBXContainerItemProxy;
			containerPortal = C6E91D871A7C23C10019A791 /* Project object */;
			proxyType = 1;
			remoteGlobalIDString = C6E91D8E1A7C23C10019A791;
			remoteInfo = HigherOrLower;
		};
/* End PBXContainerItemProxy section */

/* Begin PBXCopyFilesBuildPhase section */
		77547FDA20C01D1C0092EBAF /* Embed Frameworks */ = {
			isa = PBXCopyFilesBuildPhase;
			buildActionMask = 2147483647;
			dstPath = "";
			dstSubfolderSpec = 10;
			files = (
				C612F78B215C0F3A004E5E6C /* AOModalStatus.framework in Embed Frameworks */,
			);
			name = "Embed Frameworks";
			runOnlyForDeploymentPostprocessing = 0;
		};
/* End PBXCopyFilesBuildPhase section */

/* Begin PBXFileReference section */
		77ABE81920BD7E8A00239A80 /* Images.xcassets */ = {isa = PBXFileReference; lastKnownFileType = folder.assetcatalog; path = Images.xcassets; sourceTree = "<group>"; };
		77ABE81F20BD8B9500239A80 /* HoL_Launch_Screen.storyboard */ = {isa = PBXFileReference; lastKnownFileType = file.storyboard; path = HoL_Launch_Screen.storyboard; sourceTree = "<group>"; };
		C612F784215C0F34004E5E6C /* AOModalStatus.xcodeproj */ = {isa = PBXFileReference; lastKnownFileType = "wrapper.pb-project"; name = AOModalStatus.xcodeproj; path = "../AOModalStatusView-master/AOModalStatus.xcodeproj"; sourceTree = "<group>"; };
		C6419D2B1A8134890085C41F /* DeckOfCards.swift */ = {isa = PBXFileReference; fileEncoding = 4; lastKnownFileType = sourcecode.swift; path = DeckOfCards.swift; sourceTree = "<group>"; };
		C65DDAB31A86B39B00025ED9 /* Media.xcassets */ = {isa = PBXFileReference; lastKnownFileType = folder.assetcatalog; name = Media.xcassets; path = ../Media.xcassets; sourceTree = "<group>"; };
		C6E91D8F1A7C23C10019A791 /* HigherOrLower.app */ = {isa = PBXFileReference; explicitFileType = wrapper.application; includeInIndex = 0; path = HigherOrLower.app; sourceTree = BUILT_PRODUCTS_DIR; };
		C6E91D931A7C23C10019A791 /* Info.plist */ = {isa = PBXFileReference; lastKnownFileType = text.plist.xml; path = Info.plist; sourceTree = "<group>"; };
		C6E91D941A7C23C10019A791 /* AppDelegate.swift */ = {isa = PBXFileReference; lastKnownFileType = sourcecode.swift; path = AppDelegate.swift; sourceTree = "<group>"; };
		C6E91D961A7C23C10019A791 /* ViewController.swift */ = {isa = PBXFileReference; lastKnownFileType = sourcecode.swift; path = ViewController.swift; sourceTree = "<group>"; };
		C6E91D991A7C23C10019A791 /* Base */ = {isa = PBXFileReference; lastKnownFileType = file.storyboard; name = Base; path = Base.lproj/Main.storyboard; sourceTree = "<group>"; };
		C6E91DA41A7C23C10019A791 /* HigherOrLowerTests.xctest */ = {isa = PBXFileReference; explicitFileType = wrapper.cfbundle; includeInIndex = 0; path = HigherOrLowerTests.xctest; sourceTree = BUILT_PRODUCTS_DIR; };
		C6E91DA91A7C23C10019A791 /* Info.plist */ = {isa = PBXFileReference; lastKnownFileType = text.plist.xml; path = Info.plist; sourceTree = "<group>"; };
		C6E91DAA1A7C23C10019A791 /* HigherOrLowerTests.swift */ = {isa = PBXFileReference; lastKnownFileType = sourcecode.swift; path = HigherOrLowerTests.swift; sourceTree = "<group>"; };
/* End PBXFileReference section */

/* Begin PBXFrameworksBuildPhase section */
		C6E91D8C1A7C23C10019A791 /* Frameworks */ = {
			isa = PBXFrameworksBuildPhase;
			buildActionMask = 2147483647;
			files = (
				C612F78A215C0F3A004E5E6C /* AOModalStatus.framework in Frameworks */,
			);
			runOnlyForDeploymentPostprocessing = 0;
		};
		C6E91DA11A7C23C10019A791 /* Frameworks */ = {
			isa = PBXFrameworksBuildPhase;
			buildActionMask = 2147483647;
			files = (
			);
			runOnlyForDeploymentPostprocessing = 0;
		};
/* End PBXFrameworksBuildPhase section */

/* Begin PBXGroup section */
		C612F785215C0F34004E5E6C /* Products */ = {
			isa = PBXGroup;
			children = (
				C612F789215C0F34004E5E6C /* AOModalStatus.framework */,
			);
			name = Products;
			sourceTree = "<group>";
		};
		C6E91D861A7C23C10019A791 = {
			isa = PBXGroup;
			children = (
				C612F784215C0F34004E5E6C /* AOModalStatus.xcodeproj */,
				C6E91D911A7C23C10019A791 /* HigherOrLower */,
				C6E91DA71A7C23C10019A791 /* HigherOrLowerTests */,
				C6E91D901A7C23C10019A791 /* Products */,
			);
			sourceTree = "<group>";
		};
		C6E91D901A7C23C10019A791 /* Products */ = {
			isa = PBXGroup;
			children = (
				C6E91D8F1A7C23C10019A791 /* HigherOrLower.app */,
				C6E91DA41A7C23C10019A791 /* HigherOrLowerTests.xctest */,
			);
			name = Products;
			sourceTree = "<group>";
		};
		C6E91D911A7C23C10019A791 /* HigherOrLower */ = {
			isa = PBXGroup;
			children = (
				C6E91D941A7C23C10019A791 /* AppDelegate.swift */,
				C6E91D961A7C23C10019A791 /* ViewController.swift */,
				C6419D2B1A8134890085C41F /* DeckOfCards.swift */,
				C65DDAB31A86B39B00025ED9 /* Media.xcassets */,
				C6E91D981A7C23C10019A791 /* Main.storyboard */,
				77ABE81920BD7E8A00239A80 /* Images.xcassets */,
				77ABE81F20BD8B9500239A80 /* HoL_Launch_Screen.storyboard */,
				C6E91D921A7C23C10019A791 /* Supporting Files */,
			);
			path = HigherOrLower;
			sourceTree = "<group>";
		};
		C6E91D921A7C23C10019A791 /* Supporting Files */ = {
			isa = PBXGroup;
			children = (
				C6E91D931A7C23C10019A791 /* Info.plist */,
			);
			name = "Supporting Files";
			sourceTree = "<group>";
		};
		C6E91DA71A7C23C10019A791 /* HigherOrLowerTests */ = {
			isa = PBXGroup;
			children = (
				C6E91DAA1A7C23C10019A791 /* HigherOrLowerTests.swift */,
				C6E91DA81A7C23C10019A791 /* Supporting Files */,
			);
			path = HigherOrLowerTests;
			sourceTree = "<group>";
		};
		C6E91DA81A7C23C10019A791 /* Supporting Files */ = {
			isa = PBXGroup;
			children = (
				C6E91DA91A7C23C10019A791 /* Info.plist */,
			);
			name = "Supporting Files";
			sourceTree = "<group>";
		};
/* End PBXGroup section */

/* Begin PBXNativeTarget section */
		C6E91D8E1A7C23C10019A791 /* HigherOrLower */ = {
			isa = PBXNativeTarget;
			buildConfigurationList = C6E91DAE1A7C23C10019A791 /* Build configuration list for PBXNativeTarget "HigherOrLower" */;
			buildPhases = (
				C6E91D8B1A7C23C10019A791 /* Sources */,
				C6E91D8C1A7C23C10019A791 /* Frameworks */,
				C6E91D8D1A7C23C10019A791 /* Resources */,
				77547FDA20C01D1C0092EBAF /* Embed Frameworks */,
			);
			buildRules = (
			);
			dependencies = (
				C612F78D215C0F3A004E5E6C /* PBXTargetDependency */,
			);
			name = HigherOrLower;
			productName = HigherOrLower;
			productReference = C6E91D8F1A7C23C10019A791 /* HigherOrLower.app */;
			productType = "com.apple.product-type.application";
		};
		C6E91DA31A7C23C10019A791 /* HigherOrLowerTests */ = {
			isa = PBXNativeTarget;
			buildConfigurationList = C6E91DB11A7C23C10019A791 /* Build configuration list for PBXNativeTarget "HigherOrLowerTests" */;
			buildPhases = (
				C6E91DA01A7C23C10019A791 /* Sources */,
				C6E91DA11A7C23C10019A791 /* Frameworks */,
				C6E91DA21A7C23C10019A791 /* Resources */,
			);
			buildRules = (
			);
			dependencies = (
				C6E91DA61A7C23C10019A791 /* PBXTargetDependency */,
			);
			name = HigherOrLowerTests;
			productName = HigherOrLowerTests;
			productReference = C6E91DA41A7C23C10019A791 /* HigherOrLowerTests.xctest */;
			productType = "com.apple.product-type.bundle.unit-test";
		};
/* End PBXNativeTarget section */

/* Begin PBXProject section */
		C6E91D871A7C23C10019A791 /* Project object */ = {
			isa = PBXProject;
			attributes = {
				LastSwiftMigration = 0700;
				LastSwiftUpdateCheck = 0700;
				LastUpgradeCheck = 0930;
				ORGANIZATIONNAME = Rmando;
				TargetAttributes = {
					C6E91D8E1A7C23C10019A791 = {
						CreatedOnToolsVersion = 6.1.1;
						DevelopmentTeam = 627GKR2UKX;
						LastSwiftMigration = 0930;
					};
					C6E91DA31A7C23C10019A791 = {
						CreatedOnToolsVersion = 6.1.1;
						DevelopmentTeam = 627GKR2UKX;
						LastSwiftMigration = 0930;
						TestTargetID = C6E91D8E1A7C23C10019A791;
					};
				};
			};
			buildConfigurationList = C6E91D8A1A7C23C10019A791 /* Build configuration list for PBXProject "HigherOrLower" */;
			compatibilityVersion = "Xcode 3.2";
			developmentRegion = English;
			hasScannedForEncodings = 0;
			knownRegions = (
				en,
				Base,
			);
			mainGroup = C6E91D861A7C23C10019A791;
			productRefGroup = C6E91D901A7C23C10019A791 /* Products */;
			projectDirPath = "";
			projectReferences = (
				{
					ProductGroup = C612F785215C0F34004E5E6C /* Products */;
					ProjectRef = C612F784215C0F34004E5E6C /* AOModalStatus.xcodeproj */;
				},
			);
			projectRoot = "";
			targets = (
				C6E91D8E1A7C23C10019A791 /* HigherOrLower */,
				C6E91DA31A7C23C10019A791 /* HigherOrLowerTests */,
			);
		};
/* End PBXProject section */

/* Begin PBXReferenceProxy section */
		C612F789215C0F34004E5E6C /* AOModalStatus.framework */ = {
			isa = PBXReferenceProxy;
			fileType = wrapper.framework;
			path = AOModalStatus.framework;
			remoteRef = C612F788215C0F34004E5E6C /* PBXContainerItemProxy */;
			sourceTree = BUILT_PRODUCTS_DIR;
		};
/* End PBXReferenceProxy section */

/* Begin PBXResourcesBuildPhase section */
		C6E91D8D1A7C23C10019A791 /* Resources */ = {
			isa = PBXResourcesBuildPhase;
			buildActionMask = 2147483647;
			files = (
				C6E91D9A1A7C23C10019A791 /* Main.storyboard in Resources */,
				77ABE81A20BD7E8A00239A80 /* Images.xcassets in Resources */,
				C65DDAB41A86B39B00025ED9 /* Media.xcassets in Resources */,
				77ABE82020BD8B9500239A80 /* HoL_Launch_Screen.storyboard in Resources */,
			);
			runOnlyForDeploymentPostprocessing = 0;
		};
		C6E91DA21A7C23C10019A791 /* Resources */ = {
			isa = PBXResourcesBuildPhase;
			buildActionMask = 2147483647;
			files = (
			);
			runOnlyForDeploymentPostprocessing = 0;
		};
/* End PBXResourcesBuildPhase section */

/* Begin PBXSourcesBuildPhase section */
		C6E91D8B1A7C23C10019A791 /* Sources */ = {
			isa = PBXSourcesBuildPhase;
			buildActionMask = 2147483647;
			files = (
				C6E91D971A7C23C10019A791 /* ViewController.swift in Sources */,
				C6419D2C1A8134890085C41F /* DeckOfCards.swift in Sources */,
				C6E91D951A7C23C10019A791 /* AppDelegate.swift in Sources */,
			);
			runOnlyForDeploymentPostprocessing = 0;
		};
		C6E91DA01A7C23C10019A791 /* Sources */ = {
			isa = PBXSourcesBuildPhase;
			buildActionMask = 2147483647;
			files = (
				C6E91DAB1A7C23C10019A791 /* HigherOrLowerTests.swift in Sources */,
			);
			runOnlyForDeploymentPostprocessing = 0;
		};
/* End PBXSourcesBuildPhase section */

/* Begin PBXTargetDependency section */
		C612F78D215C0F3A004E5E6C /* PBXTargetDependency */ = {
			isa = PBXTargetDependency;
			name = AOModalStatus;
			targetProxy = C612F78C215C0F3A004E5E6C /* PBXContainerItemProxy */;
		};
		C6E91DA61A7C23C10019A791 /* PBXTargetDependency */ = {
			isa = PBXTargetDependency;
			target = C6E91D8E1A7C23C10019A791 /* HigherOrLower */;
			targetProxy = C6E91DA51A7C23C10019A791 /* PBXContainerItemProxy */;
		};
/* End PBXTargetDependency section */

/* Begin PBXVariantGroup section */
		C6E91D981A7C23C10019A791 /* Main.storyboard */ = {
			isa = PBXVariantGroup;
			children = (
				C6E91D991A7C23C10019A791 /* Base */,
			);
			name = Main.storyboard;
			sourceTree = "<group>";
		};
/* End PBXVariantGroup section */

/* Begin XCBuildConfiguration section */
		C6E91DAC1A7C23C10019A791 /* Debug */ = {
			isa = XCBuildConfiguration;
			buildSettings = {
				ALWAYS_SEARCH_USER_PATHS = NO;
				CLANG_CXX_LANGUAGE_STANDARD = "gnu++0x";
				CLANG_CXX_LIBRARY = "libc++";
				CLANG_ENABLE_MODULES = YES;
				CLANG_ENABLE_OBJC_ARC = YES;
				CLANG_WARN_BLOCK_CAPTURE_AUTORELEASING = YES;
				CLANG_WARN_BOOL_CONVERSION = YES;
				CLANG_WARN_COMMA = YES;
				CLANG_WARN_CONSTANT_CONVERSION = YES;
				CLANG_WARN_DEPRECATED_OBJC_IMPLEMENTATIONS = YES;
				CLANG_WARN_DIRECT_OBJC_ISA_USAGE = YES_ERROR;
				CLANG_WARN_EMPTY_BODY = YES;
				CLANG_WARN_ENUM_CONVERSION = YES;
				CLANG_WARN_INFINITE_RECURSION = YES;
				CLANG_WARN_INT_CONVERSION = YES;
				CLANG_WARN_NON_LITERAL_NULL_CONVERSION = YES;
				CLANG_WARN_OBJC_IMPLICIT_RETAIN_SELF = YES;
				CLANG_WARN_OBJC_LITERAL_CONVERSION = YES;
				CLANG_WARN_OBJC_ROOT_CLASS = YES_ERROR;
				CLANG_WARN_RANGE_LOOP_ANALYSIS = YES;
				CLANG_WARN_STRICT_PROTOTYPES = YES;
				CLANG_WARN_SUSPICIOUS_MOVE = YES;
				CLANG_WARN_UNREACHABLE_CODE = YES;
				CLANG_WARN__DUPLICATE_METHOD_MATCH = YES;
				"CODE_SIGN_IDENTITY[sdk=iphoneos*]" = "iPhone Developer";
				COPY_PHASE_STRIP = NO;
				ENABLE_STRICT_OBJC_MSGSEND = YES;
				ENABLE_TESTABILITY = YES;
				GCC_C_LANGUAGE_STANDARD = gnu99;
				GCC_DYNAMIC_NO_PIC = NO;
				GCC_NO_COMMON_BLOCKS = YES;
				GCC_OPTIMIZATION_LEVEL = 0;
				GCC_PREPROCESSOR_DEFINITIONS = (
					"DEBUG=1",
					"$(inherited)",
				);
				GCC_SYMBOLS_PRIVATE_EXTERN = NO;
				GCC_WARN_64_TO_32_BIT_CONVERSION = YES;
				GCC_WARN_ABOUT_RETURN_TYPE = YES_ERROR;
				GCC_WARN_UNDECLARED_SELECTOR = YES;
				GCC_WARN_UNINITIALIZED_AUTOS = YES_AGGRESSIVE;
				GCC_WARN_UNUSED_FUNCTION = YES;
				GCC_WARN_UNUSED_VARIABLE = YES;
				IPHONEOS_DEPLOYMENT_TARGET = 10.3;
				MTL_ENABLE_DEBUG_INFO = YES;
				ONLY_ACTIVE_ARCH = YES;
				SDKROOT = iphoneos;
				SWIFT_OPTIMIZATION_LEVEL = "-Onone";
				TARGETED_DEVICE_FAMILY = 2;
			};
			name = Debug;
		};
		C6E91DAD1A7C23C10019A791 /* Release */ = {
			isa = XCBuildConfiguration;
			buildSettings = {
				ALWAYS_SEARCH_USER_PATHS = NO;
				CLANG_CXX_LANGUAGE_STANDARD = "gnu++0x";
				CLANG_CXX_LIBRARY = "libc++";
				CLANG_ENABLE_MODULES = YES;
				CLANG_ENABLE_OBJC_ARC = YES;
				CLANG_WARN_BLOCK_CAPTURE_AUTORELEASING = YES;
				CLANG_WARN_BOOL_CONVERSION = YES;
				CLANG_WARN_COMMA = YES;
				CLANG_WARN_CONSTANT_CONVERSION = YES;
				CLANG_WARN_DEPRECATED_OBJC_IMPLEMENTATIONS = YES;
				CLANG_WARN_DIRECT_OBJC_ISA_USAGE = YES_ERROR;
				CLANG_WARN_EMPTY_BODY = YES;
				CLANG_WARN_ENUM_CONVERSION = YES;
				CLANG_WARN_INFINITE_RECURSION = YES;
				CLANG_WARN_INT_CONVERSION = YES;
				CLANG_WARN_NON_LITERAL_NULL_CONVERSION = YES;
				CLANG_WARN_OBJC_IMPLICIT_RETAIN_SELF = YES;
				CLANG_WARN_OBJC_LITERAL_CONVERSION = YES;
				CLANG_WARN_OBJC_ROOT_CLASS = YES_ERROR;
				CLANG_WARN_RANGE_LOOP_ANALYSIS = YES;
				CLANG_WARN_STRICT_PROTOTYPES = YES;
				CLANG_WARN_SUSPICIOUS_MOVE = YES;
				CLANG_WARN_UNREACHABLE_CODE = YES;
				CLANG_WARN__DUPLICATE_METHOD_MATCH = YES;
				"CODE_SIGN_IDENTITY[sdk=iphoneos*]" = "iPhone Developer";
				COPY_PHASE_STRIP = YES;
				ENABLE_NS_ASSERTIONS = NO;
				ENABLE_STRICT_OBJC_MSGSEND = YES;
				GCC_C_LANGUAGE_STANDARD = gnu99;
				GCC_NO_COMMON_BLOCKS = YES;
				GCC_WARN_64_TO_32_BIT_CONVERSION = YES;
				GCC_WARN_ABOUT_RETURN_TYPE = YES_ERROR;
				GCC_WARN_UNDECLARED_SELECTOR = YES;
				GCC_WARN_UNINITIALIZED_AUTOS = YES_AGGRESSIVE;
				GCC_WARN_UNUSED_FUNCTION = YES;
				GCC_WARN_UNUSED_VARIABLE = YES;
				IPHONEOS_DEPLOYMENT_TARGET = 10.3;
				MTL_ENABLE_DEBUG_INFO = NO;
				SDKROOT = iphoneos;
				SWIFT_OPTIMIZATION_LEVEL = "-Owholemodule";
				TARGETED_DEVICE_FAMILY = 2;
				VALIDATE_PRODUCT = YES;
			};
			name = Release;
		};
		C6E91DAF1A7C23C10019A791 /* Debug */ = {
			isa = XCBuildConfiguration;
			buildSettings = {
				ALWAYS_EMBED_SWIFT_STANDARD_LIBRARIES = YES;
				ASSETCATALOG_COMPILER_APPICON_NAME = AppIcon;
				CODE_SIGN_IDENTITY = "iPhone Developer";
				"CODE_SIGN_IDENTITY[sdk=iphoneos*]" = "iPhone Developer";
				DEVELOPMENT_TEAM = 627GKR2UKX;
				INFOPLIST_FILE = HigherOrLower/Info.plist;
				IPHONEOS_DEPLOYMENT_TARGET = 11.0;
				LD_RUNPATH_SEARCH_PATHS = "$(inherited) @executable_path/Frameworks";
				PRODUCT_BUNDLE_IDENTIFIER = "com.rmando.$(PRODUCT_NAME:rfc1034identifier)";
				PRODUCT_NAME = "$(TARGET_NAME)";
				PROVISIONING_PROFILE = "";
				SWIFT_SWIFT3_OBJC_INFERENCE = Default;
				SWIFT_VERSION = 4.0;
			};
			name = Debug;
		};
		C6E91DB01A7C23C10019A791 /* Release */ = {
			isa = XCBuildConfiguration;
			buildSettings = {
				ALWAYS_EMBED_SWIFT_STANDARD_LIBRARIES = YES;
				ASSETCATALOG_COMPILER_APPICON_NAME = AppIcon;
				CODE_SIGN_IDENTITY = "iPhone Developer";
				"CODE_SIGN_IDENTITY[sdk=iphoneos*]" = "iPhone Developer";
				DEVELOPMENT_TEAM = 627GKR2UKX;
				INFOPLIST_FILE = HigherOrLower/Info.plist;
				IPHONEOS_DEPLOYMENT_TARGET = 11.0;
				LD_RUNPATH_SEARCH_PATHS = "$(inherited) @executable_path/Frameworks";
				PRODUCT_BUNDLE_IDENTIFIER = "com.rmando.$(PRODUCT_NAME:rfc1034identifier)";
				PRODUCT_NAME = "$(TARGET_NAME)";
				PROVISIONING_PROFILE = "";
				SWIFT_SWIFT3_OBJC_INFERENCE = Default;
				SWIFT_VERSION = 4.0;
			};
			name = Release;
		};
		C6E91DB21A7C23C10019A791 /* Debug */ = {
			isa = XCBuildConfiguration;
			buildSettings = {
				BUNDLE_LOADER = "$(TEST_HOST)";
				DEVELOPMENT_TEAM = 627GKR2UKX;
				FRAMEWORK_SEARCH_PATHS = (
					"$(SDKROOT)/Developer/Library/Frameworks",
					"$(inherited)",
				);
				GCC_PREPROCESSOR_DEFINITIONS = (
					"DEBUG=1",
					"$(inherited)",
				);
				INFOPLIST_FILE = HigherOrLowerTests/Info.plist;
				LD_RUNPATH_SEARCH_PATHS = "$(inherited) @executable_path/Frameworks @loader_path/Frameworks";
				PRODUCT_BUNDLE_IDENTIFIER = "com.rmando.$(PRODUCT_NAME:rfc1034identifier)";
				PRODUCT_NAME = "$(TARGET_NAME)";
				SWIFT_SWIFT3_OBJC_INFERENCE = On;
				SWIFT_VERSION = 4.0;
				TEST_HOST = "$(BUILT_PRODUCTS_DIR)/HigherOrLower.app/HigherOrLower";
			};
			name = Debug;
		};
		C6E91DB31A7C23C10019A791 /* Release */ = {
			isa = XCBuildConfiguration;
			buildSettings = {
				BUNDLE_LOADER = "$(TEST_HOST)";
				DEVELOPMENT_TEAM = 627GKR2UKX;
				FRAMEWORK_SEARCH_PATHS = (
					"$(SDKROOT)/Developer/Library/Frameworks",
					"$(inherited)",
				);
				INFOPLIST_FILE = HigherOrLowerTests/Info.plist;
				LD_RUNPATH_SEARCH_PATHS = "$(inherited) @executable_path/Frameworks @loader_path/Frameworks";
				PRODUCT_BUNDLE_IDENTIFIER = "com.rmando.$(PRODUCT_NAME:rfc1034identifier)";
				PRODUCT_NAME = "$(TARGET_NAME)";
				SWIFT_SWIFT3_OBJC_INFERENCE = On;
				SWIFT_VERSION = 4.0;
				TEST_HOST = "$(BUILT_PRODUCTS_DIR)/HigherOrLower.app/HigherOrLower";
			};
			name = Release;
		};
/* End XCBuildConfiguration section */

/* Begin XCConfigurationList section */
		C6E91D8A1A7C23C10019A791 /* Build configuration list for PBXProject "HigherOrLower" */ = {
			isa = XCConfigurationList;
			buildConfigurations = (
				C6E91DAC1A7C23C10019A791 /* Debug */,
				C6E91DAD1A7C23C10019A791 /* Release */,
			);
			defaultConfigurationIsVisible = 0;
			defaultConfigurationName = Release;
		};
		C6E91DAE1A7C23C10019A791 /* Build configuration list for PBXNativeTarget "HigherOrLower" */ = {
			isa = XCConfigurationList;
			buildConfigurations = (
				C6E91DAF1A7C23C10019A791 /* Debug */,
				C6E91DB01A7C23C10019A791 /* Release */,
			);
			defaultConfigurationIsVisible = 0;
			defaultConfigurationName = Release;
		};
		C6E91DB11A7C23C10019A791 /* Build configuration list for PBXNativeTarget "HigherOrLowerTests" */ = {
			isa = XCConfigurationList;
			buildConfigurations = (
				C6E91DB21A7C23C10019A791 /* Debug */,
				C6E91DB31A7C23C10019A791 /* Release */,
			);
			defaultConfigurationIsVisible = 0;
			defaultConfigurationName = Release;
		};
/* End XCConfigurationList section */
	};
	rootObject = C6E91D871A7C23C10019A791 /* Project object */;
}
